
Microsoft Visual Studio Solution File, Format Version 12.00
# Visual Studio Version 16
VisualStudioVersion = 16.0.32228.343
MinimumVisualStudioVersion = 10.0.40219.1
Project("{FAE04EC0-301F-11D3-BF4B-00C04F79EFBC}") = "07_mvc_Layout_01", "07_mvc_Layout_01\07_mvc_Layout_01.csproj", "{8FC41B8C-DE82-47E6-ABB6-E223C3D02F69}"
EndProject
Global
	GlobalSection(SolutionConfigurationPlatforms) = preSolution
		Debug|Any CPU = Debug|Any CPU
		Release|Any CPU = Release|Any CPU
	EndGlobalSection
	GlobalSection(ProjectConfigurationPlatforms) = postSolution
		{8FC41B8C-DE82-47E6-ABB6-E223C3D02F69}.Debug|Any CPU.ActiveCfg = Debug|Any CPU
		{8FC41B8C-DE82-47E6-ABB6-E223C3D02F69}.Debug|Any CPU.Build.0 = Debug|Any CPU
		{8FC41B8C-DE82-47E6-ABB6-E223C3D02F69}.Release|Any CPU.ActiveCfg = Release|Any CPU
		{8FC41B8C-DE82-47E6-ABB6-E223C3D02F69}.Release|Any CPU.Build.0 = Release|Any CPU
	EndGlobalSection
	GlobalSection(SolutionProperties) = preSolution
		HideSolutionNode = FALSE
	EndGlobalSection
	GlobalSection(ExtensibilityGlobals) = postSolution
		SolutionGuid = {80835034-C27D-4301-B102-197BF396E162}
	EndGlobalSection
EndGlobal
