
Microsoft Visual Studio Solution File, Format Version 12.00
# Visual Studio Version 16
VisualStudioVersion = 16.0.31424.327
MinimumVisualStudioVersion = 10.0.40219.1
Project("{FAE04EC0-301F-11D3-BF4B-00C04F79EFBC}") = "Proje_03_Data_Types", "Proje_03_Data_Types\Proje_03_Data_Types.csproj", "{A11814C7-E827-419D-97AE-76C2E7B5362A}"
EndProject
Global
	GlobalSection(SolutionConfigurationPlatforms) = preSolution
		Debug|Any CPU = Debug|Any CPU
		Release|Any CPU = Release|Any CPU
	EndGlobalSection
	GlobalSection(ProjectConfigurationPlatforms) = postSolution
		{A11814C7-E827-419D-97AE-76C2E7B5362A}.Debug|Any CPU.ActiveCfg = Debug|Any CPU
		{A11814C7-E827-419D-97AE-76C2E7B5362A}.Debug|Any CPU.Build.0 = Debug|Any CPU
		{A11814C7-E827-419D-97AE-76C2E7B5362A}.Release|Any CPU.ActiveCfg = Release|Any CPU
		{A11814C7-E827-419D-97AE-76C2E7B5362A}.Release|Any CPU.Build.0 = Release|Any CPU
	EndGlobalSection
	GlobalSection(SolutionProperties) = preSolution
		HideSolutionNode = FALSE
	EndGlobalSection
	GlobalSection(ExtensibilityGlobals) = postSolution
		SolutionGuid = {2FFD70AA-A12C-4938-9A80-E5AFCEB07470}
	EndGlobalSection
EndGlobal
