
Microsoft Visual Studio Solution File, Format Version 12.00
# Visual Studio Version 16
VisualStudioVersion = 16.0.31424.327
MinimumVisualStudioVersion = 10.0.40219.1
Project("{FAE04EC0-301F-11D3-BF4B-00C04F79EFBC}") = "Proje_10_Method", "Proje_10_Method\Proje_10_Method.csproj", "{07EF2C1F-5E68-4347-ADD9-1C0C6AFE848D}"
EndProject
Global
	GlobalSection(SolutionConfigurationPlatforms) = preSolution
		Debug|Any CPU = Debug|Any CPU
		Release|Any CPU = Release|Any CPU
	EndGlobalSection
	GlobalSection(ProjectConfigurationPlatforms) = postSolution
		{07EF2C1F-5E68-4347-ADD9-1C0C6AFE848D}.Debug|Any CPU.ActiveCfg = Debug|Any CPU
		{07EF2C1F-5E68-4347-ADD9-1C0C6AFE848D}.Debug|Any CPU.Build.0 = Debug|Any CPU
		{07EF2C1F-5E68-4347-ADD9-1C0C6AFE848D}.Release|Any CPU.ActiveCfg = Release|Any CPU
		{07EF2C1F-5E68-4347-ADD9-1C0C6AFE848D}.Release|Any CPU.Build.0 = Release|Any CPU
	EndGlobalSection
	GlobalSection(SolutionProperties) = preSolution
		HideSolutionNode = FALSE
	EndGlobalSection
	GlobalSection(ExtensibilityGlobals) = postSolution
		SolutionGuid = {3AD93B4F-4601-480E-840A-C464DE77276C}
	EndGlobalSection
EndGlobal
